
Microsoft Visual Studio Solution File, Format Version 12.00
# Visual Studio Version 16
VisualStudioVersion = 16.0.29519.87
MinimumVisualStudioVersion = 10.0.40219.1
Project("{FAE04EC0-301F-11D3-BF4B-00C04F79EFBC}") = "WebApplication1", "WebApplication1\WebApplication1.csproj", "{4DBA2B50-95B3-4E55-81C0-C5541CCF0705}"
EndProject
Global
	GlobalSection(SolutionConfigurationPlatforms) = preSolution
		Debug|Any CPU = Debug|Any CPU
		Release|Any CPU = Release|Any CPU
	EndGlobalSection
	GlobalSection(ProjectConfigurationPlatforms) = postSolution
		{4DBA2B50-95B3-4E55-81C0-C5541CCF0705}.Debug|Any CPU.ActiveCfg = Debug|Any CPU
		{4DBA2B50-95B3-4E55-81C0-C5541CCF0705}.Debug|Any CPU.Build.0 = Debug|Any CPU
		{4DBA2B50-95B3-4E55-81C0-C5541CCF0705}.Release|Any CPU.ActiveCfg = Release|Any CPU
		{4DBA2B50-95B3-4E55-81C0-C5541CCF0705}.Release|Any CPU.Build.0 = Release|Any CPU
	EndGlobalSection
	GlobalSection(SolutionProperties) = preSolution
		HideSolutionNode = FALSE
	EndGlobalSection
	GlobalSection(ExtensibilityGlobals) = postSolution
		SolutionGuid = {E1091F0F-0649-4667-B06B-A443C99D7C56}
	EndGlobalSection
EndGlobal
